schema: '2.0'
stages:
  get_data:
    cmd: python src\get_data.py --config=params.yaml
    deps:
    - path: data\train
      md5: 5433a929af3f5a20ed5b20444f3627dc.dir
      size: 5227734487
      nfiles: 14226
    - path: data\val
      md5: 7ff085e58961a96a9f3518c246b41b82.dir
      size: 1299013731
      nfiles: 3547
    - path: src\get_data.py
      md5: 0563890f31e5b5e530834d9be7c0cd56
      size: 1992
    - path: src\read_params.py
      md5: 51faee5625d536ded2268679be1b2e12
      size: 521
    - path: src\utils\preprocessing.py
      md5: a6279a9bdbbdf8cca74ffab260f65ddc
      size: 1903
  evaluate_model:
    cmd: python src\evaluate.py --config=params.yaml
    deps:
    - path: src\display\showOutput.py
      md5: 83b5184ed9b62d0af740ffca965a82f3
      size: 454
    - path: src\get_data.py
      md5: 0563890f31e5b5e530834d9be7c0cd56
      size: 1992
    - path: src\read_params.py
      md5: 51faee5625d536ded2268679be1b2e12
      size: 521
